
Microsoft Visual Studio Solution File, Format Version 12.00
# Visual Studio Version 16
VisualStudioVersion = 16.0.29503.13
MinimumVisualStudioVersion = 10.0.40219.1
Project("{FAE04EC0-301F-11D3-BF4B-00C04F79EFBC}") = "Calculate", "Calculate.csproj", "{50E62B6E-7A9B-41D8-BC25-5E2633284BEF}"
EndProject
Global
	GlobalSection(SolutionConfigurationPlatforms) = preSolution
		Debug|Any CPU = Debug|Any CPU
		Release|Any CPU = Release|Any CPU
	EndGlobalSection
	GlobalSection(ProjectConfigurationPlatforms) = postSolution
		{50E62B6E-7A9B-41D8-BC25-5E2633284BEF}.Debug|Any CPU.ActiveCfg = Debug|Any CPU
		{50E62B6E-7A9B-41D8-BC25-5E2633284BEF}.Debug|Any CPU.Build.0 = Debug|Any CPU
		{50E62B6E-7A9B-41D8-BC25-5E2633284BEF}.Release|Any CPU.ActiveCfg = Release|Any CPU
		{50E62B6E-7A9B-41D8-BC25-5E2633284BEF}.Release|Any CPU.Build.0 = Release|Any CPU
	EndGlobalSection
	GlobalSection(SolutionProperties) = preSolution
		HideSolutionNode = FALSE
	EndGlobalSection
	GlobalSection(ExtensibilityGlobals) = postSolution
		SolutionGuid = {177146F3-DBBE-45AA-8007-D4A18B0F0EC6}
	EndGlobalSection
EndGlobal
